
Microsoft Visual Studio Solution File, Format Version 12.00
# Visual Studio Version 16
VisualStudioVersion = 16.0.30330.147
MinimumVisualStudioVersion = 10.0.40219.1
Project("{FAE04EC0-301F-11D3-BF4B-00C04F79EFBC}") = "Car.Api", "Car.Api\Car.Api.csproj", "{59A62217-2ACE-47F9-9549-B43658A4A9B1}"
EndProject
Global
	GlobalSection(SolutionConfigurationPlatforms) = preSolution
		Debug|Any CPU = Debug|Any CPU
		Release|Any CPU = Release|Any CPU
	EndGlobalSection
	GlobalSection(ProjectConfigurationPlatforms) = postSolution
		{59A62217-2ACE-47F9-9549-B43658A4A9B1}.Debug|Any CPU.ActiveCfg = Debug|Any CPU
		{59A62217-2ACE-47F9-9549-B43658A4A9B1}.Debug|Any CPU.Build.0 = Debug|Any CPU
		{59A62217-2ACE-47F9-9549-B43658A4A9B1}.Release|Any CPU.ActiveCfg = Release|Any CPU
		{59A62217-2ACE-47F9-9549-B43658A4A9B1}.Release|Any CPU.Build.0 = Release|Any CPU
	EndGlobalSection
	GlobalSection(SolutionProperties) = preSolution
		HideSolutionNode = FALSE
	EndGlobalSection
	GlobalSection(ExtensibilityGlobals) = postSolution
		SolutionGuid = {8F5181B3-0ECB-4EA1-B52C-FFD10015AEC8}
	EndGlobalSection
EndGlobal
